// !$*UTF8*$!
{
	archiveVersion = 1;
	classes = {
	};
	objectVersion = 51;
	objects = {

/* Begin PBXBuildFile section */
		300EA05C25596C5D004C09A7 /* DatabaseManager.swift in Sources */ = {isa = PBXBuildFile; fileRef = 300EA05B25596C5D004C09A7 /* DatabaseManager.swift */; };
		300EA05F25596D20004C09A7 /* AuthManager.swift in Sources */ = {isa = PBXBuildFile; fileRef = 300EA05E25596D20004C09A7 /* AuthManager.swift */; };
		300EA06225596D68004C09A7 /* StorageManager.swift in Sources */ = {isa = PBXBuildFile; fileRef = 300EA06125596D68004C09A7 /* StorageManager.swift */; };
		300EA079255971CD004C09A7 /* GoogleService-Info.plist in Resources */ = {isa = PBXBuildFile; fileRef = 300EA078255971CD004C09A7 /* GoogleService-Info.plist */; };
		300EA07C25597261004C09A7 /* Extensions.swift in Sources */ = {isa = PBXBuildFile; fileRef = 300EA07B25597261004C09A7 /* Extensions.swift */; };
		300EA07F25597E37004C09A7 /* Constants.swift in Sources */ = {isa = PBXBuildFile; fileRef = 300EA07E25597E37004C09A7 /* Constants.swift */; };
		3050440525595BC400387403 /* ExploreViewController.swift in Sources */ = {isa = PBXBuildFile; fileRef = 3050440425595BC400387403 /* ExploreViewController.swift */; };
		3050440825595BE000387403 /* CameraViewController.swift in Sources */ = {isa = PBXBuildFile; fileRef = 3050440725595BE000387403 /* CameraViewController.swift */; };
		3050440B25595BF700387403 /* NotificationViewController.swift in Sources */ = {isa = PBXBuildFile; fileRef = 3050440A25595BF700387403 /* NotificationViewController.swift */; };
		3050440E25595C1200387403 /* ProfileViewController.swift in Sources */ = {isa = PBXBuildFile; fileRef = 3050440D25595C1200387403 /* ProfileViewController.swift */; };
		3050441425595CE600387403 /* LoginViewController.swift in Sources */ = {isa = PBXBuildFile; fileRef = 3050441325595CE600387403 /* LoginViewController.swift */; };
		3050441825595CFE00387403 /* RegistrationViewController.swift in Sources */ = {isa = PBXBuildFile; fileRef = 3050441725595CFE00387403 /* RegistrationViewController.swift */; };
		3050441D25595D4000387403 /* PostViewController.swift in Sources */ = {isa = PBXBuildFile; fileRef = 3050441C25595D4000387403 /* PostViewController.swift */; };
		3050442025595D9100387403 /* EditProfileViewController.swift in Sources */ = {isa = PBXBuildFile; fileRef = 3050441F25595D9100387403 /* EditProfileViewController.swift */; };
		3050442325595DA300387403 /* SettingsViewController.swift in Sources */ = {isa = PBXBuildFile; fileRef = 3050442225595DA300387403 /* SettingsViewController.swift */; };
		3050442625595DB400387403 /* ListViewController.swift in Sources */ = {isa = PBXBuildFile; fileRef = 3050442525595DB400387403 /* ListViewController.swift */; };
		3050442925595DC600387403 /* SearchViewController.swift in Sources */ = {isa = PBXBuildFile; fileRef = 3050442825595DC600387403 /* SearchViewController.swift */; };
		3050442C25595DD700387403 /* SearchResultViewController.swift in Sources */ = {isa = PBXBuildFile; fileRef = 3050442B25595DD700387403 /* SearchResultViewController.swift */; };
		3050442F25595E1300387403 /* PostEditorViewController.swift in Sources */ = {isa = PBXBuildFile; fileRef = 3050442E25595E1300387403 /* PostEditorViewController.swift */; };
		3050443225595E2300387403 /* PublishViewController.swift in Sources */ = {isa = PBXBuildFile; fileRef = 3050443125595E2300387403 /* PublishViewController.swift */; };
		307510A425595A6F00AF9764 /* AppDelegate.swift in Sources */ = {isa = PBXBuildFile; fileRef = 307510A325595A6F00AF9764 /* AppDelegate.swift */; };
		307510A625595A6F00AF9764 /* SceneDelegate.swift in Sources */ = {isa = PBXBuildFile; fileRef = 307510A525595A6F00AF9764 /* SceneDelegate.swift */; };
		307510A825595A6F00AF9764 /* HomeViewController.swift in Sources */ = {isa = PBXBuildFile; fileRef = 307510A725595A6F00AF9764 /* HomeViewController.swift */; };
		307510AB25595A6F00AF9764 /* Main.storyboard in Resources */ = {isa = PBXBuildFile; fileRef = 307510A925595A6F00AF9764 /* Main.storyboard */; };
		307510AD25595A7000AF9764 /* Assets.xcassets in Resources */ = {isa = PBXBuildFile; fileRef = 307510AC25595A7000AF9764 /* Assets.xcassets */; };
		307510B025595A7000AF9764 /* LaunchScreen.storyboard in Resources */ = {isa = PBXBuildFile; fileRef = 307510AE25595A7000AF9764 /* LaunchScreen.storyboard */; };
		E8D51067DBB5B0E4BC77E3AF /* Pods_InstaBox.framework in Frameworks */ = {isa = PBXBuildFile; fileRef = A68AEEB6A6E0E9525AC7FCFF /* Pods_InstaBox.framework */; };
/* End PBXBuildFile section */

/* Begin PBXFileReference section */
		118A3F07EEB5884CAB6534F1 /* Pods-InstaBox.release.xcconfig */ = {isa = PBXFileReference; includeInIndex = 1; lastKnownFileType = text.xcconfig; name = "Pods-InstaBox.release.xcconfig"; path = "Target Support Files/Pods-InstaBox/Pods-InstaBox.release.xcconfig"; sourceTree = "<group>"; };
		300EA05B25596C5D004C09A7 /* DatabaseManager.swift */ = {isa = PBXFileReference; lastKnownFileType = sourcecode.swift; path = DatabaseManager.swift; sourceTree = "<group>"; };
		300EA05E25596D20004C09A7 /* AuthManager.swift */ = {isa = PBXFileReference; lastKnownFileType = sourcecode.swift; path = AuthManager.swift; sourceTree = "<group>"; };
		300EA06125596D68004C09A7 /* StorageManager.swift */ = {isa = PBXFileReference; lastKnownFileType = sourcecode.swift; path = StorageManager.swift; sourceTree = "<group>"; };
		300EA078255971CD004C09A7 /* GoogleService-Info.plist */ = {isa = PBXFileReference; fileEncoding = 4; lastKnownFileType = text.plist.xml; path = "GoogleService-Info.plist"; sourceTree = "<group>"; };
		300EA07B25597261004C09A7 /* Extensions.swift */ = {isa = PBXFileReference; lastKnownFileType = sourcecode.swift; path = Extensions.swift; sourceTree = "<group>"; };
		300EA07E25597E37004C09A7 /* Constants.swift */ = {isa = PBXFileReference; lastKnownFileType = sourcecode.swift; path = Constants.swift; sourceTree = "<group>"; };
		3050440425595BC400387403 /* ExploreViewController.swift */ = {isa = PBXFileReference; lastKnownFileType = sourcecode.swift; path = ExploreViewController.swift; sourceTree = "<group>"; };
		3050440725595BE000387403 /* CameraViewController.swift */ = {isa = PBXFileReference; lastKnownFileType = sourcecode.swift; path = CameraViewController.swift; sourceTree = "<group>"; };
		3050440A25595BF700387403 /* NotificationViewController.swift */ = {isa = PBXFileReference; lastKnownFileType = sourcecode.swift; path = NotificationViewController.swift; sourceTree = "<group>"; };
		3050440D25595C1200387403 /* ProfileViewController.swift */ = {isa = PBXFileReference; lastKnownFileType = sourcecode.swift; path = ProfileViewController.swift; sourceTree = "<group>"; };
		3050441325595CE600387403 /* LoginViewController.swift */ = {isa = PBXFileReference; lastKnownFileType = sourcecode.swift; path = LoginViewController.swift; sourceTree = "<group>"; };
		3050441725595CFE00387403 /* RegistrationViewController.swift */ = {isa = PBXFileReference; lastKnownFileType = sourcecode.swift; path = RegistrationViewController.swift; sourceTree = "<group>"; };
		3050441C25595D4000387403 /* PostViewController.swift */ = {isa = PBXFileReference; lastKnownFileType = sourcecode.swift; path = PostViewController.swift; sourceTree = "<group>"; };
		3050441F25595D9100387403 /* EditProfileViewController.swift */ = {isa = PBXFileReference; lastKnownFileType = sourcecode.swift; path = EditProfileViewController.swift; sourceTree = "<group>"; };
		3050442225595DA300387403 /* SettingsViewController.swift */ = {isa = PBXFileReference; lastKnownFileType = sourcecode.swift; path = SettingsViewController.swift; sourceTree = "<group>"; };
		3050442525595DB400387403 /* ListViewController.swift */ = {isa = PBXFileReference; lastKnownFileType = sourcecode.swift; path = ListViewController.swift; sourceTree = "<group>"; };
		3050442825595DC600387403 /* SearchViewController.swift */ = {isa = PBXFileReference; lastKnownFileType = sourcecode.swift; path = SearchViewController.swift; sourceTree = "<group>"; };
		3050442B25595DD700387403 /* SearchResultViewController.swift */ = {isa = PBXFileReference; lastKnownFileType = sourcecode.swift; path = SearchResultViewController.swift; sourceTree = "<group>"; };
		3050442E25595E1300387403 /* PostEditorViewController.swift */ = {isa = PBXFileReference; lastKnownFileType = sourcecode.swift; path = PostEditorViewController.swift; sourceTree = "<group>"; };
		3050443125595E2300387403 /* PublishViewController.swift */ = {isa = PBXFileReference; lastKnownFileType = sourcecode.swift; path = PublishViewController.swift; sourceTree = "<group>"; };
		307510A025595A6F00AF9764 /* InstaBox.app */ = {isa = PBXFileReference; explicitFileType = wrapper.application; includeInIndex = 0; path = InstaBox.app; sourceTree = BUILT_PRODUCTS_DIR; };
		307510A325595A6F00AF9764 /* AppDelegate.swift */ = {isa = PBXFileReference; lastKnownFileType = sourcecode.swift; path = AppDelegate.swift; sourceTree = "<group>"; };
		307510A525595A6F00AF9764 /* SceneDelegate.swift */ = {isa = PBXFileReference; lastKnownFileType = sourcecode.swift; path = SceneDelegate.swift; sourceTree = "<group>"; };
		307510A725595A6F00AF9764 /* HomeViewController.swift */ = {isa = PBXFileReference; lastKnownFileType = sourcecode.swift; path = HomeViewController.swift; sourceTree = "<group>"; };
		307510AA25595A6F00AF9764 /* Base */ = {isa = PBXFileReference; lastKnownFileType = file.storyboard; name = Base; path = Base.lproj/Main.storyboard; sourceTree = "<group>"; };
		307510AC25595A7000AF9764 /* Assets.xcassets */ = {isa = PBXFileReference; lastKnownFileType = folder.assetcatalog; path = Assets.xcassets; sourceTree = "<group>"; };
		307510AF25595A7000AF9764 /* Base */ = {isa = PBXFileReference; lastKnownFileType = file.storyboard; name = Base; path = Base.lproj/LaunchScreen.storyboard; sourceTree = "<group>"; };
		307510B125595A7000AF9764 /* Info.plist */ = {isa = PBXFileReference; lastKnownFileType = text.plist.xml; path = Info.plist; sourceTree = "<group>"; };
		4AEF3345BACEE3CD8C078759 /* Pods-InstaBox.debug.xcconfig */ = {isa = PBXFileReference; includeInIndex = 1; lastKnownFileType = text.xcconfig; name = "Pods-InstaBox.debug.xcconfig"; path = "Target Support Files/Pods-InstaBox/Pods-InstaBox.debug.xcconfig"; sourceTree = "<group>"; };
		A68AEEB6A6E0E9525AC7FCFF /* Pods_InstaBox.framework */ = {isa = PBXFileReference; explicitFileType = wrapper.framework; includeInIndex = 0; path = Pods_InstaBox.framework; sourceTree = BUILT_PRODUCTS_DIR; };
/* End PBXFileReference section */

/* Begin PBXFrameworksBuildPhase section */
		3075109D25595A6F00AF9764 /* Frameworks */ = {
			isa = PBXFrameworksBuildPhase;
			buildActionMask = 2147483647;
			files = (
				E8D51067DBB5B0E4BC77E3AF /* Pods_InstaBox.framework in Frameworks */,
			);
			runOnlyForDeploymentPostprocessing = 0;
		};
/* End PBXFrameworksBuildPhase section */

/* Begin PBXGroup section */
		300EA05925596BBC004C09A7 /* General */ = {
			isa = PBXGroup;
			children = (
				3050441C25595D4000387403 /* PostViewController.swift */,
				3050441F25595D9100387403 /* EditProfileViewController.swift */,
				3050442225595DA300387403 /* SettingsViewController.swift */,
				3050442525595DB400387403 /* ListViewController.swift */,
				3050442825595DC600387403 /* SearchViewController.swift */,
				3050442B25595DD700387403 /* SearchResultViewController.swift */,
				3050442E25595E1300387403 /* PostEditorViewController.swift */,
				3050443125595E2300387403 /* PublishViewController.swift */,
			);
			path = General;
			sourceTree = "<group>";
		};
		3050441025595C1D00387403 /* Core Tabs */ = {
			isa = PBXGroup;
			children = (
				307510A725595A6F00AF9764 /* HomeViewController.swift */,
				3050440425595BC400387403 /* ExploreViewController.swift */,
				3050440725595BE000387403 /* CameraViewController.swift */,
				3050440A25595BF700387403 /* NotificationViewController.swift */,
				3050440D25595C1200387403 /* ProfileViewController.swift */,
			);
			path = "Core Tabs";
			sourceTree = "<group>";
		};
		3050441225595CBC00387403 /* Other */ = {
			isa = PBXGroup;
			children = (
				3050441A25595D0200387403 /* Onboarding */,
				300EA05925596BBC004C09A7 /* General */,
			);
			path = Other;
			sourceTree = "<group>";
		};
		3050441A25595D0200387403 /* Onboarding */ = {
			isa = PBXGroup;
			children = (
				3050441325595CE600387403 /* LoginViewController.swift */,
				3050441725595CFE00387403 /* RegistrationViewController.swift */,
			);
			path = Onboarding;
			sourceTree = "<group>";
		};
		3075109725595A6F00AF9764 = {
			isa = PBXGroup;
			children = (
				307510A225595A6F00AF9764 /* InstaBox */,
				307510A125595A6F00AF9764 /* Products */,
				C04FC30AACB5C6C397030C3E /* Pods */,
				398CF169F5DCA0F9304578E3 /* Frameworks */,
			);
			sourceTree = "<group>";
		};
		307510A125595A6F00AF9764 /* Products */ = {
			isa = PBXGroup;
			children = (
				307510A025595A6F00AF9764 /* InstaBox.app */,
			);
			name = Products;
			sourceTree = "<group>";
		};
		307510A225595A6F00AF9764 /* InstaBox */ = {
			isa = PBXGroup;
			children = (
				307510BB25595AC800AF9764 /* Resources */,
				307510BA25595AC100AF9764 /* Model */,
				307510B925595ABD00AF9764 /* View */,
				307510B825595AB200AF9764 /* Controller */,
				307510B125595A7000AF9764 /* Info.plist */,
			);
			path = InstaBox;
			sourceTree = "<group>";
		};
		307510B825595AB200AF9764 /* Controller */ = {
			isa = PBXGroup;
			children = (
				3050441225595CBC00387403 /* Other */,
				3050441025595C1D00387403 /* Core Tabs */,
			);
			path = Controller;
			sourceTree = "<group>";
		};
		307510B925595ABD00AF9764 /* View */ = {
			isa = PBXGroup;
			children = (
				307510AC25595A7000AF9764 /* Assets.xcassets */,
				307510BD25595AFC00AF9764 /* Storyboards */,
			);
			path = View;
			sourceTree = "<group>";
		};
		307510BA25595AC100AF9764 /* Model */ = {
			isa = PBXGroup;
			children = (
			);
			path = Model;
			sourceTree = "<group>";
		};
		307510BB25595AC800AF9764 /* Resources */ = {
			isa = PBXGroup;
			children = (
				300EA078255971CD004C09A7 /* GoogleService-Info.plist */,
				307510A325595A6F00AF9764 /* AppDelegate.swift */,
				307510A525595A6F00AF9764 /* SceneDelegate.swift */,
				300EA05B25596C5D004C09A7 /* DatabaseManager.swift */,
				300EA05E25596D20004C09A7 /* AuthManager.swift */,
				300EA06125596D68004C09A7 /* StorageManager.swift */,
				300EA07B25597261004C09A7 /* Extensions.swift */,
				300EA07E25597E37004C09A7 /* Constants.swift */,
			);
			path = Resources;
			sourceTree = "<group>";
		};
		307510BD25595AFC00AF9764 /* Storyboards */ = {
			isa = PBXGroup;
			children = (
				307510A925595A6F00AF9764 /* Main.storyboard */,
				307510AE25595A7000AF9764 /* LaunchScreen.storyboard */,
			);
			path = Storyboards;
			sourceTree = "<group>";
		};
		398CF169F5DCA0F9304578E3 /* Frameworks */ = {
			isa = PBXGroup;
			children = (
				A68AEEB6A6E0E9525AC7FCFF /* Pods_InstaBox.framework */,
			);
			name = Frameworks;
			sourceTree = "<group>";
		};
		C04FC30AACB5C6C397030C3E /* Pods */ = {
			isa = PBXGroup;
			children = (
				4AEF3345BACEE3CD8C078759 /* Pods-InstaBox.debug.xcconfig */,
				118A3F07EEB5884CAB6534F1 /* Pods-InstaBox.release.xcconfig */,
			);
			path = Pods;
			sourceTree = "<group>";
		};
/* End PBXGroup section */

/* Begin PBXNativeTarget section */
		3075109F25595A6F00AF9764 /* InstaBox */ = {
			isa = PBXNativeTarget;
			buildConfigurationList = 307510B425595A7000AF9764 /* Build configuration list for PBXNativeTarget "InstaBox" */;
			buildPhases = (
				8AB291214B11E35FE1BD3290 /* [CP] Check Pods Manifest.lock */,
				3075109C25595A6F00AF9764 /* Sources */,
				3075109D25595A6F00AF9764 /* Frameworks */,
				3075109E25595A6F00AF9764 /* Resources */,
				AF0FC3E1ACB9CC47B55B1F04 /* [CP] Embed Pods Frameworks */,
			);
			buildRules = (
			);
			dependencies = (
			);
			name = InstaBox;
			productName = InstaBox;
			productReference = 307510A025595A6F00AF9764 /* InstaBox.app */;
			productType = "com.apple.product-type.application";
		};
/* End PBXNativeTarget section */

/* Begin PBXProject section */
		3075109825595A6F00AF9764 /* Project object */ = {
			isa = PBXProject;
			attributes = {
				LastSwiftUpdateCheck = 1210;
				LastUpgradeCheck = 1210;
				TargetAttributes = {
					3075109F25595A6F00AF9764 = {
						CreatedOnToolsVersion = 12.1;
					};
				};
			};
			buildConfigurationList = 3075109B25595A6F00AF9764 /* Build configuration list for PBXProject "InstaBox" */;
			compatibilityVersion = "Xcode 9.3";
			developmentRegion = en;
			hasScannedForEncodings = 0;
			knownRegions = (
				en,
				Base,
			);
			mainGroup = 3075109725595A6F00AF9764;
			productRefGroup = 307510A125595A6F00AF9764 /* Products */;
			projectDirPath = "";
			projectRoot = "";
			targets = (
				3075109F25595A6F00AF9764 /* InstaBox */,
			);
		};
/* End PBXProject section */

/* Begin PBXResourcesBuildPhase section */
		3075109E25595A6F00AF9764 /* Resources */ = {
			isa = PBXResourcesBuildPhase;
			buildActionMask = 2147483647;
			files = (
				307510B025595A7000AF9764 /* LaunchScreen.storyboard in Resources */,
				300EA079255971CD004C09A7 /* GoogleService-Info.plist in Resources */,
				307510AD25595A7000AF9764 /* Assets.xcassets in Resources */,
				307510AB25595A6F00AF9764 /* Main.storyboard in Resources */,
			);
			runOnlyForDeploymentPostprocessing = 0;
		};
/* End PBXResourcesBuildPhase section */

/* Begin PBXShellScriptBuildPhase section */
		8AB291214B11E35FE1BD3290 /* [CP] Check Pods Manifest.lock */ = {
			isa = PBXShellScriptBuildPhase;
			buildActionMask = 2147483647;
			files = (
			);
			inputFileListPaths = (
			);
			inputPaths = (
				"${PODS_PODFILE_DIR_PATH}/Podfile.lock",
				"${PODS_ROOT}/Manifest.lock",
			);
			name = "[CP] Check Pods Manifest.lock";
			outputFileListPaths = (
			);
			outputPaths = (
				"$(DERIVED_FILE_DIR)/Pods-InstaBox-checkManifestLockResult.txt",
			);
			runOnlyForDeploymentPostprocessing = 0;
			shellPath = /bin/sh;
			shellScript = "diff \"${PODS_PODFILE_DIR_PATH}/Podfile.lock\" \"${PODS_ROOT}/Manifest.lock\" > /dev/null\nif [ $? != 0 ] ; then\n    # print error to STDERR\n    echo \"error: The sandbox is not in sync with the Podfile.lock. Run 'pod install' or update your CocoaPods installation.\" >&2\n    exit 1\nfi\n# This output is used by Xcode 'outputs' to avoid re-running this script phase.\necho \"SUCCESS\" > \"${SCRIPT_OUTPUT_FILE_0}\"\n";
			showEnvVarsInLog = 0;
		};
		AF0FC3E1ACB9CC47B55B1F04 /* [CP] Embed Pods Frameworks */ = {
			isa = PBXShellScriptBuildPhase;
			buildActionMask = 2147483647;
			files = (
			);
			inputFileListPaths = (
				"${PODS_ROOT}/Target Support Files/Pods-InstaBox/Pods-InstaBox-frameworks-${CONFIGURATION}-input-files.xcfilelist",
			);
			name = "[CP] Embed Pods Frameworks";
			outputFileListPaths = (
				"${PODS_ROOT}/Target Support Files/Pods-InstaBox/Pods-InstaBox-frameworks-${CONFIGURATION}-output-files.xcfilelist",
			);
			runOnlyForDeploymentPostprocessing = 0;
			shellPath = /bin/sh;
			shellScript = "\"${PODS_ROOT}/Target Support Files/Pods-InstaBox/Pods-InstaBox-frameworks.sh\"\n";
			showEnvVarsInLog = 0;
		};
/* End PBXShellScriptBuildPhase section */

/* Begin PBXSourcesBuildPhase section */
		3075109C25595A6F00AF9764 /* Sources */ = {
			isa = PBXSourcesBuildPhase;
			buildActionMask = 2147483647;
			files = (
				3050442025595D9100387403 /* EditProfileViewController.swift in Sources */,
				300EA07F25597E37004C09A7 /* Constants.swift in Sources */,
				3050440525595BC400387403 /* ExploreViewController.swift in Sources */,
				3050440825595BE000387403 /* CameraViewController.swift in Sources */,
				3050440B25595BF700387403 /* NotificationViewController.swift in Sources */,
				3050441825595CFE00387403 /* RegistrationViewController.swift in Sources */,
				3050442F25595E1300387403 /* PostEditorViewController.swift in Sources */,
				3050441D25595D4000387403 /* PostViewController.swift in Sources */,
				300EA06225596D68004C09A7 /* StorageManager.swift in Sources */,
				307510A825595A6F00AF9764 /* HomeViewController.swift in Sources */,
				300EA05C25596C5D004C09A7 /* DatabaseManager.swift in Sources */,
				3050442C25595DD700387403 /* SearchResultViewController.swift in Sources */,
				3050441425595CE600387403 /* LoginViewController.swift in Sources */,
				3050442925595DC600387403 /* SearchViewController.swift in Sources */,
				300EA07C25597261004C09A7 /* Extensions.swift in Sources */,
				3050440E25595C1200387403 /* ProfileViewController.swift in Sources */,
				307510A425595A6F00AF9764 /* AppDelegate.swift in Sources */,
				300EA05F25596D20004C09A7 /* AuthManager.swift in Sources */,
				307510A625595A6F00AF9764 /* SceneDelegate.swift in Sources */,
				3050443225595E2300387403 /* PublishViewController.swift in Sources */,
				3050442625595DB400387403 /* ListViewController.swift in Sources */,
				3050442325595DA300387403 /* SettingsViewController.swift in Sources */,
			);
			runOnlyForDeploymentPostprocessing = 0;
		};
/* End PBXSourcesBuildPhase section */

/* Begin PBXVariantGroup section */
		307510A925595A6F00AF9764 /* Main.storyboard */ = {
			isa = PBXVariantGroup;
			children = (
				307510AA25595A6F00AF9764 /* Base */,
			);
			name = Main.storyboard;
			sourceTree = "<group>";
		};
		307510AE25595A7000AF9764 /* LaunchScreen.storyboard */ = {
			isa = PBXVariantGroup;
			children = (
				307510AF25595A7000AF9764 /* Base */,
			);
			name = LaunchScreen.storyboard;
			sourceTree = "<group>";
		};
/* End PBXVariantGroup section */

/* Begin XCBuildConfiguration section */
		307510B225595A7000AF9764 /* Debug */ = {
			isa = XCBuildConfiguration;
			buildSettings = {
				ALWAYS_SEARCH_USER_PATHS = NO;
				CLANG_ANALYZER_NONNULL = YES;
				CLANG_ANALYZER_NUMBER_OBJECT_CONVERSION = YES_AGGRESSIVE;
				CLANG_CXX_LANGUAGE_STANDARD = "gnu++14";
				CLANG_CXX_LIBRARY = "libc++";
				CLANG_ENABLE_MODULES = YES;
				CLANG_ENABLE_OBJC_ARC = YES;
				CLANG_ENABLE_OBJC_WEAK = YES;
				CLANG_WARN_BLOCK_CAPTURE_AUTORELEASING = YES;
				CLANG_WARN_BOOL_CONVERSION = YES;
				CLANG_WARN_COMMA = YES;
				CLANG_WARN_CONSTANT_CONVERSION = YES;
				CLANG_WARN_DEPRECATED_OBJC_IMPLEMENTATIONS = YES;
				CLANG_WARN_DIRECT_OBJC_ISA_USAGE = YES_ERROR;
				CLANG_WARN_DOCUMENTATION_COMMENTS = YES;
				CLANG_WARN_EMPTY_BODY = YES;
				CLANG_WARN_ENUM_CONVERSION = YES;
				CLANG_WARN_INFINITE_RECURSION = YES;
				CLANG_WARN_INT_CONVERSION = YES;
				CLANG_WARN_NON_LITERAL_NULL_CONVERSION = YES;
				CLANG_WARN_OBJC_IMPLICIT_RETAIN_SELF = YES;
				CLANG_WARN_OBJC_LITERAL_CONVERSION = YES;
				CLANG_WARN_OBJC_ROOT_CLASS = YES_ERROR;
				CLANG_WARN_QUOTED_INCLUDE_IN_FRAMEWORK_HEADER = YES;
				CLANG_WARN_RANGE_LOOP_ANALYSIS = YES;
				CLANG_WARN_STRICT_PROTOTYPES = YES;
				CLANG_WARN_SUSPICIOUS_MOVE = YES;
				CLANG_WARN_UNGUARDED_AVAILABILITY = YES_AGGRESSIVE;
				CLANG_WARN_UNREACHABLE_CODE = YES;
				CLANG_WARN__DUPLICATE_METHOD_MATCH = YES;
				COPY_PHASE_STRIP = NO;
				DEBUG_INFORMATION_FORMAT = dwarf;
				ENABLE_STRICT_OBJC_MSGSEND = YES;
				ENABLE_TESTABILITY = YES;
				GCC_C_LANGUAGE_STANDARD = gnu11;
				GCC_DYNAMIC_NO_PIC = NO;
				GCC_NO_COMMON_BLOCKS = YES;
				GCC_OPTIMIZATION_LEVEL = 0;
				GCC_PREPROCESSOR_DEFINITIONS = (
					"DEBUG=1",
					"$(inherited)",
				);
				GCC_WARN_64_TO_32_BIT_CONVERSION = YES;
				GCC_WARN_ABOUT_RETURN_TYPE = YES_ERROR;
				GCC_WARN_UNDECLARED_SELECTOR = YES;
				GCC_WARN_UNINITIALIZED_AUTOS = YES_AGGRESSIVE;
				GCC_WARN_UNUSED_FUNCTION = YES;
				GCC_WARN_UNUSED_VARIABLE = YES;
				IPHONEOS_DEPLOYMENT_TARGET = 14.1;
				MTL_ENABLE_DEBUG_INFO = INCLUDE_SOURCE;
				MTL_FAST_MATH = YES;
				ONLY_ACTIVE_ARCH = YES;
				SDKROOT = iphoneos;
				SWIFT_ACTIVE_COMPILATION_CONDITIONS = DEBUG;
				SWIFT_OPTIMIZATION_LEVEL = "-Onone";
			};
			name = Debug;
		};
		307510B325595A7000AF9764 /* Release */ = {
			isa = XCBuildConfiguration;
			buildSettings = {
				ALWAYS_SEARCH_USER_PATHS = NO;
				CLANG_ANALYZER_NONNULL = YES;
				CLANG_ANALYZER_NUMBER_OBJECT_CONVERSION = YES_AGGRESSIVE;
				CLANG_CXX_LANGUAGE_STANDARD = "gnu++14";
				CLANG_CXX_LIBRARY = "libc++";
				CLANG_ENABLE_MODULES = YES;
				CLANG_ENABLE_OBJC_ARC = YES;
				CLANG_ENABLE_OBJC_WEAK = YES;
				CLANG_WARN_BLOCK_CAPTURE_AUTORELEASING = YES;
				CLANG_WARN_BOOL_CONVERSION = YES;
				CLANG_WARN_COMMA = YES;
				CLANG_WARN_CONSTANT_CONVERSION = YES;
				CLANG_WARN_DEPRECATED_OBJC_IMPLEMENTATIONS = YES;
				CLANG_WARN_DIRECT_OBJC_ISA_USAGE = YES_ERROR;
				CLANG_WARN_DOCUMENTATION_COMMENTS = YES;
				CLANG_WARN_EMPTY_BODY = YES;
				CLANG_WARN_ENUM_CONVERSION = YES;
				CLANG_WARN_INFINITE_RECURSION = YES;
				CLANG_WARN_INT_CONVERSION = YES;
				CLANG_WARN_NON_LITERAL_NULL_CONVERSION = YES;
				CLANG_WARN_OBJC_IMPLICIT_RETAIN_SELF = YES;
				CLANG_WARN_OBJC_LITERAL_CONVERSION = YES;
				CLANG_WARN_OBJC_ROOT_CLASS = YES_ERROR;
				CLANG_WARN_QUOTED_INCLUDE_IN_FRAMEWORK_HEADER = YES;
				CLANG_WARN_RANGE_LOOP_ANALYSIS = YES;
				CLANG_WARN_STRICT_PROTOTYPES = YES;
				CLANG_WARN_SUSPICIOUS_MOVE = YES;
				CLANG_WARN_UNGUARDED_AVAILABILITY = YES_AGGRESSIVE;
				CLANG_WARN_UNREACHABLE_CODE = YES;
				CLANG_WARN__DUPLICATE_METHOD_MATCH = YES;
				COPY_PHASE_STRIP = NO;
				DEBUG_INFORMATION_FORMAT = "dwarf-with-dsym";
				ENABLE_NS_ASSERTIONS = NO;
				ENABLE_STRICT_OBJC_MSGSEND = YES;
				GCC_C_LANGUAGE_STANDARD = gnu11;
				GCC_NO_COMMON_BLOCKS = YES;
				GCC_WARN_64_TO_32_BIT_CONVERSION = YES;
				GCC_WARN_ABOUT_RETURN_TYPE = YES_ERROR;
				GCC_WARN_UNDECLARED_SELECTOR = YES;
				GCC_WARN_UNINITIALIZED_AUTOS = YES_AGGRESSIVE;
				GCC_WARN_UNUSED_FUNCTION = YES;
				GCC_WARN_UNUSED_VARIABLE = YES;
				IPHONEOS_DEPLOYMENT_TARGET = 14.1;
				MTL_ENABLE_DEBUG_INFO = NO;
				MTL_FAST_MATH = YES;
				SDKROOT = iphoneos;
				SWIFT_COMPILATION_MODE = wholemodule;
				SWIFT_OPTIMIZATION_LEVEL = "-O";
				VALIDATE_PRODUCT = YES;
			};
			name = Release;
		};
		307510B525595A7000AF9764 /* Debug */ = {
			isa = XCBuildConfiguration;
			baseConfigurationReference = 4AEF3345BACEE3CD8C078759 /* Pods-InstaBox.debug.xcconfig */;
			buildSettings = {
				ASSETCATALOG_COMPILER_APPICON_NAME = AppIcon;
				ASSETCATALOG_COMPILER_GLOBAL_ACCENT_COLOR_NAME = AccentColor;
				CODE_SIGN_STYLE = Automatic;
				DEVELOPMENT_TEAM = GCQ4TX8M8Z;
				INFOPLIST_FILE = InstaBox/Info.plist;
				LD_RUNPATH_SEARCH_PATHS = (
					"$(inherited)",
					"@executable_path/Frameworks",
				);
				PRODUCT_BUNDLE_IDENTIFIER = com.scibor.be.InstaBox;
				PRODUCT_NAME = "$(TARGET_NAME)";
				SWIFT_VERSION = 5.0;
				TARGETED_DEVICE_FAMILY = "1,2";
			};
			name = Debug;
		};
		307510B625595A7000AF9764 /* Release */ = {
			isa = XCBuildConfiguration;
			baseConfigurationReference = 118A3F07EEB5884CAB6534F1 /* Pods-InstaBox.release.xcconfig */;
			buildSettings = {
				ASSETCATALOG_COMPILER_APPICON_NAME = AppIcon;
				ASSETCATALOG_COMPILER_GLOBAL_ACCENT_COLOR_NAME = AccentColor;
				CODE_SIGN_STYLE = Automatic;
				DEVELOPMENT_TEAM = GCQ4TX8M8Z;
				INFOPLIST_FILE = InstaBox/Info.plist;
				LD_RUNPATH_SEARCH_PATHS = (
					"$(inherited)",
					"@executable_path/Frameworks",
				);
				PRODUCT_BUNDLE_IDENTIFIER = com.scibor.be.InstaBox;
				PRODUCT_NAME = "$(TARGET_NAME)";
				SWIFT_VERSION = 5.0;
				TARGETED_DEVICE_FAMILY = "1,2";
			};
			name = Release;
		};
/* End XCBuildConfiguration section */

/* Begin XCConfigurationList section */
		3075109B25595A6F00AF9764 /* Build configuration list for PBXProject "InstaBox" */ = {
			isa = XCConfigurationList;
			buildConfigurations = (
				307510B225595A7000AF9764 /* Debug */,
				307510B325595A7000AF9764 /* Release */,
			);
			defaultConfigurationIsVisible = 0;
			defaultConfigurationName = Release;
		};
		307510B425595A7000AF9764 /* Build configuration list for PBXNativeTarget "InstaBox" */ = {
			isa = XCConfigurationList;
			buildConfigurations = (
				307510B525595A7000AF9764 /* Debug */,
				307510B625595A7000AF9764 /* Release */,
			);
			defaultConfigurationIsVisible = 0;
			defaultConfigurationName = Release;
		};
/* End XCConfigurationList section */
	};
	rootObject = 3075109825595A6F00AF9764 /* Project object */;
}
